// !$*UTF8*$!
{
	archiveVersion = 1;
	classes = {
	};
	objectVersion = 55;
	objects = {

/* Begin PBXBuildFile section */
		049E53D1288E90AD00D170D7 /* AppDelegate.swift in Sources */ = {isa = PBXBuildFile; fileRef = 049E53D0288E90AD00D170D7 /* AppDelegate.swift */; };
		049E53D3288E90AD00D170D7 /* SceneDelegate.swift in Sources */ = {isa = PBXBuildFile; fileRef = 049E53D2288E90AD00D170D7 /* SceneDelegate.swift */; };
		049E53D5288E90AD00D170D7 /* ViewController.swift in Sources */ = {isa = PBXBuildFile; fileRef = 049E53D4288E90AD00D170D7 /* ViewController.swift */; };
		049E53D8288E90AD00D170D7 /* Main.storyboard in Resources */ = {isa = PBXBuildFile; fileRef = 049E53D6288E90AD00D170D7 /* Main.storyboard */; };
		049E53DA288E90B200D170D7 /* Assets.xcassets in Resources */ = {isa = PBXBuildFile; fileRef = 049E53D9288E90B200D170D7 /* Assets.xcassets */; };
		049E53DD288E90B200D170D7 /* LaunchScreen.storyboard in Resources */ = {isa = PBXBuildFile; fileRef = 049E53DB288E90B200D170D7 /* LaunchScreen.storyboard */; };
		049E53EA288E91C400D170D7 /* MainTabController.swift in Sources */ = {isa = PBXBuildFile; fileRef = 049E53E9288E91C400D170D7 /* MainTabController.swift */; };
		049E53EC288E934700D170D7 /* CalorieNeedController.swift in Sources */ = {isa = PBXBuildFile; fileRef = 049E53EB288E934700D170D7 /* CalorieNeedController.swift */; };
		049E53EE288E937D00D170D7 /* BMIController.swift in Sources */ = {isa = PBXBuildFile; fileRef = 049E53ED288E937D00D170D7 /* BMIController.swift */; };
		049E53F0288E93A000D170D7 /* FatRateController.swift in Sources */ = {isa = PBXBuildFile; fileRef = 049E53EF288E93A000D170D7 /* FatRateController.swift */; };
		049E53F2288E983000D170D7 /* FoodController.swift in Sources */ = {isa = PBXBuildFile; fileRef = 049E53F1288E983000D170D7 /* FoodController.swift */; };
		049E53F4288E98C600D170D7 /* Extensions.swift in Sources */ = {isa = PBXBuildFile; fileRef = 049E53F3288E98C600D170D7 /* Extensions.swift */; };
		049E53F6288EA45B00D170D7 /* BMIDetailsController.swift in Sources */ = {isa = PBXBuildFile; fileRef = 049E53F5288EA45B00D170D7 /* BMIDetailsController.swift */; };
		049E53F8288EA46E00D170D7 /* FatRateDetailsController.swift in Sources */ = {isa = PBXBuildFile; fileRef = 049E53F7288EA46E00D170D7 /* FatRateDetailsController.swift */; };
		049E54062891A02600D170D7 /* Food.swift in Sources */ = {isa = PBXBuildFile; fileRef = 049E54052891A02600D170D7 /* Food.swift */; };
		049E54082891A14E00D170D7 /* FoodCell.swift in Sources */ = {isa = PBXBuildFile; fileRef = 049E54072891A14E00D170D7 /* FoodCell.swift */; };
		049E540B2891A17B00D170D7 /* FoodService.swift in Sources */ = {isa = PBXBuildFile; fileRef = 049E540A2891A17B00D170D7 /* FoodService.swift */; };
		04E3435D2891D67300D57826 /* FoodCellViewModel.swift in Sources */ = {isa = PBXBuildFile; fileRef = 04E3435C2891D67300D57826 /* FoodCellViewModel.swift */; };
		04E3435F2892B63600D57826 /* CustomTextField.swift in Sources */ = {isa = PBXBuildFile; fileRef = 04E3435E2892B63600D57826 /* CustomTextField.swift */; };
/* End PBXBuildFile section */

/* Begin PBXFileReference section */
		049E53CD288E90AD00D170D7 /* Fitletics.app */ = {isa = PBXFileReference; explicitFileType = wrapper.application; includeInIndex = 0; path = Fitletics.app; sourceTree = BUILT_PRODUCTS_DIR; };
		049E53D0288E90AD00D170D7 /* AppDelegate.swift */ = {isa = PBXFileReference; lastKnownFileType = sourcecode.swift; path = AppDelegate.swift; sourceTree = "<group>"; };
		049E53D2288E90AD00D170D7 /* SceneDelegate.swift */ = {isa = PBXFileReference; lastKnownFileType = sourcecode.swift; path = SceneDelegate.swift; sourceTree = "<group>"; };
		049E53D4288E90AD00D170D7 /* ViewController.swift */ = {isa = PBXFileReference; lastKnownFileType = sourcecode.swift; path = ViewController.swift; sourceTree = "<group>"; };
		049E53D7288E90AD00D170D7 /* Base */ = {isa = PBXFileReference; lastKnownFileType = file.storyboard; name = Base; path = Base.lproj/Main.storyboard; sourceTree = "<group>"; };
		049E53D9288E90B200D170D7 /* Assets.xcassets */ = {isa = PBXFileReference; lastKnownFileType = folder.assetcatalog; path = Assets.xcassets; sourceTree = "<group>"; };
		049E53DC288E90B200D170D7 /* Base */ = {isa = PBXFileReference; lastKnownFileType = file.storyboard; name = Base; path = Base.lproj/LaunchScreen.storyboard; sourceTree = "<group>"; };
		049E53DE288E90B200D170D7 /* Info.plist */ = {isa = PBXFileReference; lastKnownFileType = text.plist.xml; path = Info.plist; sourceTree = "<group>"; };
		049E53E9288E91C400D170D7 /* MainTabController.swift */ = {isa = PBXFileReference; lastKnownFileType = sourcecode.swift; path = MainTabController.swift; sourceTree = "<group>"; };
		049E53EB288E934700D170D7 /* CalorieNeedController.swift */ = {isa = PBXFileReference; lastKnownFileType = sourcecode.swift; path = CalorieNeedController.swift; sourceTree = "<group>"; };
		049E53ED288E937D00D170D7 /* BMIController.swift */ = {isa = PBXFileReference; lastKnownFileType = sourcecode.swift; path = BMIController.swift; sourceTree = "<group>"; };
		049E53EF288E93A000D170D7 /* FatRateController.swift */ = {isa = PBXFileReference; lastKnownFileType = sourcecode.swift; path = FatRateController.swift; sourceTree = "<group>"; };
		049E53F1288E983000D170D7 /* FoodController.swift */ = {isa = PBXFileReference; lastKnownFileType = sourcecode.swift; path = FoodController.swift; sourceTree = "<group>"; };
		049E53F3288E98C600D170D7 /* Extensions.swift */ = {isa = PBXFileReference; lastKnownFileType = sourcecode.swift; path = Extensions.swift; sourceTree = "<group>"; };
		049E53F5288EA45B00D170D7 /* BMIDetailsController.swift */ = {isa = PBXFileReference; lastKnownFileType = sourcecode.swift; path = BMIDetailsController.swift; sourceTree = "<group>"; };
		049E53F7288EA46E00D170D7 /* FatRateDetailsController.swift */ = {isa = PBXFileReference; lastKnownFileType = sourcecode.swift; path = FatRateDetailsController.swift; sourceTree = "<group>"; };
		049E54052891A02600D170D7 /* Food.swift */ = {isa = PBXFileReference; lastKnownFileType = sourcecode.swift; path = Food.swift; sourceTree = "<group>"; };
		049E54072891A14E00D170D7 /* FoodCell.swift */ = {isa = PBXFileReference; lastKnownFileType = sourcecode.swift; path = FoodCell.swift; sourceTree = "<group>"; };
		049E540A2891A17B00D170D7 /* FoodService.swift */ = {isa = PBXFileReference; lastKnownFileType = sourcecode.swift; path = FoodService.swift; sourceTree = "<group>"; };
		04E3435C2891D67300D57826 /* FoodCellViewModel.swift */ = {isa = PBXFileReference; lastKnownFileType = sourcecode.swift; path = FoodCellViewModel.swift; sourceTree = "<group>"; };
		04E3435E2892B63600D57826 /* CustomTextField.swift */ = {isa = PBXFileReference; lastKnownFileType = sourcecode.swift; path = CustomTextField.swift; sourceTree = "<group>"; };
/* End PBXFileReference section */

/* Begin PBXFrameworksBuildPhase section */
		049E53CA288E90AD00D170D7 /* Frameworks */ = {
			isa = PBXFrameworksBuildPhase;
			buildActionMask = 2147483647;
			files = (
			);
			runOnlyForDeploymentPostprocessing = 0;
		};
/* End PBXFrameworksBuildPhase section */

/* Begin PBXGroup section */
		049E53C4288E90AD00D170D7 = {
			isa = PBXGroup;
			children = (
				049E53CF288E90AD00D170D7 /* Fitletics */,
				049E53CE288E90AD00D170D7 /* Products */,
			);
			sourceTree = "<group>";
		};
		049E53CE288E90AD00D170D7 /* Products */ = {
			isa = PBXGroup;
			children = (
				049E53CD288E90AD00D170D7 /* Fitletics.app */,
			);
			name = Products;
			sourceTree = "<group>";
		};
		049E53CF288E90AD00D170D7 /* Fitletics */ = {
			isa = PBXGroup;
			children = (
				049E54092891A16700D170D7 /* API */,
				049E53E8288E919D00D170D7 /* Utils */,
				049E53E7288E919200D170D7 /* Model */,
				049E53E6288E918A00D170D7 /* ViewModel */,
				049E53E5288E917700D170D7 /* View */,
				049E53E4288E916A00D170D7 /* Controllers */,
				049E53D0288E90AD00D170D7 /* AppDelegate.swift */,
				049E53D2288E90AD00D170D7 /* SceneDelegate.swift */,
				049E53D4288E90AD00D170D7 /* ViewController.swift */,
				049E53D6288E90AD00D170D7 /* Main.storyboard */,
				049E53D9288E90B200D170D7 /* Assets.xcassets */,
				049E53DB288E90B200D170D7 /* LaunchScreen.storyboard */,
				049E53DE288E90B200D170D7 /* Info.plist */,
			);
			path = Fitletics;
			sourceTree = "<group>";
		};
		049E53E4288E916A00D170D7 /* Controllers */ = {
			isa = PBXGroup;
			children = (
				049E53E9288E91C400D170D7 /* MainTabController.swift */,
				049E53EB288E934700D170D7 /* CalorieNeedController.swift */,
				049E53ED288E937D00D170D7 /* BMIController.swift */,
				049E53EF288E93A000D170D7 /* FatRateController.swift */,
				049E53F1288E983000D170D7 /* FoodController.swift */,
				049E53F5288EA45B00D170D7 /* BMIDetailsController.swift */,
				049E53F7288EA46E00D170D7 /* FatRateDetailsController.swift */,
			);
			path = Controllers;
			sourceTree = "<group>";
		};
		049E53E5288E917700D170D7 /* View */ = {
			isa = PBXGroup;
			children = (
				049E54072891A14E00D170D7 /* FoodCell.swift */,
				04E3435E2892B63600D57826 /* CustomTextField.swift */,
			);
			path = View;
			sourceTree = "<group>";
		};
		049E53E6288E918A00D170D7 /* ViewModel */ = {
			isa = PBXGroup;
			children = (
				04E3435C2891D67300D57826 /* FoodCellViewModel.swift */,
			);
			path = ViewModel;
			sourceTree = "<group>";
		};
		049E53E7288E919200D170D7 /* Model */ = {
			isa = PBXGroup;
			children = (
				049E54052891A02600D170D7 /* Food.swift */,
			);
			path = Model;
			sourceTree = "<group>";
		};
		049E53E8288E919D00D170D7 /* Utils */ = {
			isa = PBXGroup;
			children = (
				049E53F3288E98C600D170D7 /* Extensions.swift */,
			);
			path = Utils;
			sourceTree = "<group>";
		};
		049E54092891A16700D170D7 /* API */ = {
			isa = PBXGroup;
			children = (
				049E540A2891A17B00D170D7 /* FoodService.swift */,
			);
			path = API;
			sourceTree = "<group>";
		};
/* End PBXGroup section */

/* Begin PBXNativeTarget section */
		049E53CC288E90AD00D170D7 /* Fitletics */ = {
			isa = PBXNativeTarget;
			buildConfigurationList = 049E53E1288E90B200D170D7 /* Build configuration list for PBXNativeTarget "Fitletics" */;
			buildPhases = (
				049E53C9288E90AD00D170D7 /* Sources */,
				049E53CA288E90AD00D170D7 /* Frameworks */,
				049E53CB288E90AD00D170D7 /* Resources */,
			);
			buildRules = (
			);
			dependencies = (
			);
			name = Fitletics;
			productName = Fitletics;
			productReference = 049E53CD288E90AD00D170D7 /* Fitletics.app */;
			productType = "com.apple.product-type.application";
		};
/* End PBXNativeTarget section */

/* Begin PBXProject section */
		049E53C5288E90AD00D170D7 /* Project object */ = {
			isa = PBXProject;
			attributes = {
				BuildIndependentTargetsInParallel = 1;
				LastSwiftUpdateCheck = 1340;
				LastUpgradeCheck = 1340;
				TargetAttributes = {
					049E53CC288E90AD00D170D7 = {
						CreatedOnToolsVersion = 13.4.1;
					};
				};
			};
			buildConfigurationList = 049E53C8288E90AD00D170D7 /* Build configuration list for PBXProject "Fitletics" */;
			compatibilityVersion = "Xcode 13.0";
			developmentRegion = en;
			hasScannedForEncodings = 0;
			knownRegions = (
				en,
				Base,
			);
			mainGroup = 049E53C4288E90AD00D170D7;
			productRefGroup = 049E53CE288E90AD00D170D7 /* Products */;
			projectDirPath = "";
			projectRoot = "";
			targets = (
				049E53CC288E90AD00D170D7 /* Fitletics */,
			);
		};
/* End PBXProject section */

/* Begin PBXResourcesBuildPhase section */
		049E53CB288E90AD00D170D7 /* Resources */ = {
			isa = PBXResourcesBuildPhase;
			buildActionMask = 2147483647;
			files = (
				049E53DD288E90B200D170D7 /* LaunchScreen.storyboard in Resources */,
				049E53DA288E90B200D170D7 /* Assets.xcassets in Resources */,
				049E53D8288E90AD00D170D7 /* Main.storyboard in Resources */,
			);
			runOnlyForDeploymentPostprocessing = 0;
		};
/* End PBXResourcesBuildPhase section */

/* Begin PBXSourcesBuildPhase section */
		049E53C9288E90AD00D170D7 /* Sources */ = {
			isa = PBXSourcesBuildPhase;
			buildActionMask = 2147483647;
			files = (
				049E53EC288E934700D170D7 /* CalorieNeedController.swift in Sources */,
				049E53F4288E98C600D170D7 /* Extensions.swift in Sources */,
				049E53D5288E90AD00D170D7 /* ViewController.swift in Sources */,
				049E53F6288EA45B00D170D7 /* BMIDetailsController.swift in Sources */,
				04E3435F2892B63600D57826 /* CustomTextField.swift in Sources */,
				049E54082891A14E00D170D7 /* FoodCell.swift in Sources */,
				049E53EE288E937D00D170D7 /* BMIController.swift in Sources */,
				049E54062891A02600D170D7 /* Food.swift in Sources */,
				049E53F2288E983000D170D7 /* FoodController.swift in Sources */,
				049E53D1288E90AD00D170D7 /* AppDelegate.swift in Sources */,
				04E3435D2891D67300D57826 /* FoodCellViewModel.swift in Sources */,
				049E53EA288E91C400D170D7 /* MainTabController.swift in Sources */,
				049E53F0288E93A000D170D7 /* FatRateController.swift in Sources */,
				049E53D3288E90AD00D170D7 /* SceneDelegate.swift in Sources */,
				049E53F8288EA46E00D170D7 /* FatRateDetailsController.swift in Sources */,
				049E540B2891A17B00D170D7 /* FoodService.swift in Sources */,
			);
			runOnlyForDeploymentPostprocessing = 0;
		};
/* End PBXSourcesBuildPhase section */

/* Begin PBXVariantGroup section */
		049E53D6288E90AD00D170D7 /* Main.storyboard */ = {
			isa = PBXVariantGroup;
			children = (
				049E53D7288E90AD00D170D7 /* Base */,
			);
			name = Main.storyboard;
			sourceTree = "<group>";
		};
		049E53DB288E90B200D170D7 /* LaunchScreen.storyboard */ = {
			isa = PBXVariantGroup;
			children = (
				049E53DC288E90B200D170D7 /* Base */,
			);
			name = LaunchScreen.storyboard;
			sourceTree = "<group>";
		};
/* End PBXVariantGroup section */

/* Begin XCBuildConfiguration section */
		049E53DF288E90B200D170D7 /* Debug */ = {
			isa = XCBuildConfiguration;
			buildSettings = {
				ALWAYS_SEARCH_USER_PATHS = NO;
				CLANG_ANALYZER_NONNULL = YES;
				CLANG_ANALYZER_NUMBER_OBJECT_CONVERSION = YES_AGGRESSIVE;
				CLANG_CXX_LANGUAGE_STANDARD = "gnu++17";
				CLANG_ENABLE_MODULES = YES;
				CLANG_ENABLE_OBJC_ARC = YES;
				CLANG_ENABLE_OBJC_WEAK = YES;
				CLANG_WARN_BLOCK_CAPTURE_AUTORELEASING = YES;
				CLANG_WARN_BOOL_CONVERSION = YES;
				CLANG_WARN_COMMA = YES;
				CLANG_WARN_CONSTANT_CONVERSION = YES;
				CLANG_WARN_DEPRECATED_OBJC_IMPLEMENTATIONS = YES;
				CLANG_WARN_DIRECT_OBJC_ISA_USAGE = YES_ERROR;
				CLANG_WARN_DOCUMENTATION_COMMENTS = YES;
				CLANG_WARN_EMPTY_BODY = YES;
				CLANG_WARN_ENUM_CONVERSION = YES;
				CLANG_WARN_INFINITE_RECURSION = YES;
				CLANG_WARN_INT_CONVERSION = YES;
				CLANG_WARN_NON_LITERAL_NULL_CONVERSION = YES;
				CLANG_WARN_OBJC_IMPLICIT_RETAIN_SELF = YES;
				CLANG_WARN_OBJC_LITERAL_CONVERSION = YES;
				CLANG_WARN_OBJC_ROOT_CLASS = YES_ERROR;
				CLANG_WARN_QUOTED_INCLUDE_IN_FRAMEWORK_HEADER = YES;
				CLANG_WARN_RANGE_LOOP_ANALYSIS = YES;
				CLANG_WARN_STRICT_PROTOTYPES = YES;
				CLANG_WARN_SUSPICIOUS_MOVE = YES;
				CLANG_WARN_UNGUARDED_AVAILABILITY = YES_AGGRESSIVE;
				CLANG_WARN_UNREACHABLE_CODE = YES;
				CLANG_WARN__DUPLICATE_METHOD_MATCH = YES;
				COPY_PHASE_STRIP = NO;
				DEBUG_INFORMATION_FORMAT = dwarf;
				ENABLE_STRICT_OBJC_MSGSEND = YES;
				ENABLE_TESTABILITY = YES;
				GCC_C_LANGUAGE_STANDARD = gnu11;
				GCC_DYNAMIC_NO_PIC = NO;
				GCC_NO_COMMON_BLOCKS = YES;
				GCC_OPTIMIZATION_LEVEL = 0;
				GCC_PREPROCESSOR_DEFINITIONS = (
					"DEBUG=1",
					"$(inherited)",
				);
				GCC_WARN_64_TO_32_BIT_CONVERSION = YES;
				GCC_WARN_ABOUT_RETURN_TYPE = YES_ERROR;
				GCC_WARN_UNDECLARED_SELECTOR = YES;
				GCC_WARN_UNINITIALIZED_AUTOS = YES_AGGRESSIVE;
				GCC_WARN_UNUSED_FUNCTION = YES;
				GCC_WARN_UNUSED_VARIABLE = YES;
				IPHONEOS_DEPLOYMENT_TARGET = 15.5;
				MTL_ENABLE_DEBUG_INFO = INCLUDE_SOURCE;
				MTL_FAST_MATH = YES;
				ONLY_ACTIVE_ARCH = YES;
				SDKROOT = iphoneos;
				SWIFT_ACTIVE_COMPILATION_CONDITIONS = DEBUG;
				SWIFT_OPTIMIZATION_LEVEL = "-Onone";
			};
			name = Debug;
		};
		049E53E0288E90B200D170D7 /* Release */ = {
			isa = XCBuildConfiguration;
			buildSettings = {
				ALWAYS_SEARCH_USER_PATHS = NO;
				CLANG_ANALYZER_NONNULL = YES;
				CLANG_ANALYZER_NUMBER_OBJECT_CONVERSION = YES_AGGRESSIVE;
				CLANG_CXX_LANGUAGE_STANDARD = "gnu++17";
				CLANG_ENABLE_MODULES = YES;
				CLANG_ENABLE_OBJC_ARC = YES;
				CLANG_ENABLE_OBJC_WEAK = YES;
				CLANG_WARN_BLOCK_CAPTURE_AUTORELEASING = YES;
				CLANG_WARN_BOOL_CONVERSION = YES;
				CLANG_WARN_COMMA = YES;
				CLANG_WARN_CONSTANT_CONVERSION = YES;
				CLANG_WARN_DEPRECATED_OBJC_IMPLEMENTATIONS = YES;
				CLANG_WARN_DIRECT_OBJC_ISA_USAGE = YES_ERROR;
				CLANG_WARN_DOCUMENTATION_COMMENTS = YES;
				CLANG_WARN_EMPTY_BODY = YES;
				CLANG_WARN_ENUM_CONVERSION = YES;
				CLANG_WARN_INFINITE_RECURSION = YES;
				CLANG_WARN_INT_CONVERSION = YES;
				CLANG_WARN_NON_LITERAL_NULL_CONVERSION = YES;
				CLANG_WARN_OBJC_IMPLICIT_RETAIN_SELF = YES;
				CLANG_WARN_OBJC_LITERAL_CONVERSION = YES;
				CLANG_WARN_OBJC_ROOT_CLASS = YES_ERROR;
				CLANG_WARN_QUOTED_INCLUDE_IN_FRAMEWORK_HEADER = YES;
				CLANG_WARN_RANGE_LOOP_ANALYSIS = YES;
				CLANG_WARN_STRICT_PROTOTYPES = YES;
				CLANG_WARN_SUSPICIOUS_MOVE = YES;
				CLANG_WARN_UNGUARDED_AVAILABILITY = YES_AGGRESSIVE;
				CLANG_WARN_UNREACHABLE_CODE = YES;
				CLANG_WARN__DUPLICATE_METHOD_MATCH = YES;
				COPY_PHASE_STRIP = NO;
				DEBUG_INFORMATION_FORMAT = "dwarf-with-dsym";
				ENABLE_NS_ASSERTIONS = NO;
				ENABLE_STRICT_OBJC_MSGSEND = YES;
				GCC_C_LANGUAGE_STANDARD = gnu11;
				GCC_NO_COMMON_BLOCKS = YES;
				GCC_WARN_64_TO_32_BIT_CONVERSION = YES;
				GCC_WARN_ABOUT_RETURN_TYPE = YES_ERROR;
				GCC_WARN_UNDECLARED_SELECTOR = YES;
				GCC_WARN_UNINITIALIZED_AUTOS = YES_AGGRESSIVE;
				GCC_WARN_UNUSED_FUNCTION = YES;
				GCC_WARN_UNUSED_VARIABLE = YES;
				IPHONEOS_DEPLOYMENT_TARGET = 15.5;
				MTL_ENABLE_DEBUG_INFO = NO;
				MTL_FAST_MATH = YES;
				SDKROOT = iphoneos;
				SWIFT_COMPILATION_MODE = wholemodule;
				SWIFT_OPTIMIZATION_LEVEL = "-O";
				VALIDATE_PRODUCT = YES;
			};
			name = Release;
		};
		049E53E2288E90B200D170D7 /* Debug */ = {
			isa = XCBuildConfiguration;
			buildSettings = {
				ASSETCATALOG_COMPILER_APPICON_NAME = AppIcon;
				ASSETCATALOG_COMPILER_GLOBAL_ACCENT_COLOR_NAME = AccentColor;
				CODE_SIGN_STYLE = Automatic;
				CURRENT_PROJECT_VERSION = 1;
				DEVELOPMENT_TEAM = 5VMF794J5A;
				GENERATE_INFOPLIST_FILE = YES;
				INFOPLIST_FILE = Fitletics/Info.plist;
				INFOPLIST_KEY_UIApplicationSupportsIndirectInputEvents = YES;
				INFOPLIST_KEY_UILaunchStoryboardName = LaunchScreen;
				INFOPLIST_KEY_UIMainStoryboardFile = Main;
				INFOPLIST_KEY_UISupportedInterfaceOrientations_iPad = "UIInterfaceOrientationPortrait UIInterfaceOrientationPortraitUpsideDown UIInterfaceOrientationLandscapeLeft UIInterfaceOrientationLandscapeRight";
				INFOPLIST_KEY_UISupportedInterfaceOrientations_iPhone = "UIInterfaceOrientationPortrait UIInterfaceOrientationLandscapeLeft UIInterfaceOrientationLandscapeRight";
				LD_RUNPATH_SEARCH_PATHS = (
					"$(inherited)",
					"@executable_path/Frameworks",
				);
				MARKETING_VERSION = 1.0;
				PRODUCT_BUNDLE_IDENTIFIER = entrepsoft.Fitletics;
				PRODUCT_NAME = "$(TARGET_NAME)";
				SWIFT_EMIT_LOC_STRINGS = YES;
				SWIFT_VERSION = 5.0;
				TARGETED_DEVICE_FAMILY = "1,2";
			};
			name = Debug;
		};
		049E53E3288E90B200D170D7 /* Release */ = {
			isa = XCBuildConfiguration;
			buildSettings = {
				ASSETCATALOG_COMPILER_APPICON_NAME = AppIcon;
				ASSETCATALOG_COMPILER_GLOBAL_ACCENT_COLOR_NAME = AccentColor;
				CODE_SIGN_STYLE = Automatic;
				CURRENT_PROJECT_VERSION = 1;
				DEVELOPMENT_TEAM = 5VMF794J5A;
				GENERATE_INFOPLIST_FILE = YES;
				INFOPLIST_FILE = Fitletics/Info.plist;
				INFOPLIST_KEY_UIApplicationSupportsIndirectInputEvents = YES;
				INFOPLIST_KEY_UILaunchStoryboardName = LaunchScreen;
				INFOPLIST_KEY_UIMainStoryboardFile = Main;
				INFOPLIST_KEY_UISupportedInterfaceOrientations_iPad = "UIInterfaceOrientationPortrait UIInterfaceOrientationPortraitUpsideDown UIInterfaceOrientationLandscapeLeft UIInterfaceOrientationLandscapeRight";
				INFOPLIST_KEY_UISupportedInterfaceOrientations_iPhone = "UIInterfaceOrientationPortrait UIInterfaceOrientationLandscapeLeft UIInterfaceOrientationLandscapeRight";
				LD_RUNPATH_SEARCH_PATHS = (
					"$(inherited)",
					"@executable_path/Frameworks",
				);
				MARKETING_VERSION = 1.0;
				PRODUCT_BUNDLE_IDENTIFIER = entrepsoft.Fitletics;
				PRODUCT_NAME = "$(TARGET_NAME)";
				SWIFT_EMIT_LOC_STRINGS = YES;
				SWIFT_VERSION = 5.0;
				TARGETED_DEVICE_FAMILY = "1,2";
			};
			name = Release;
		};
/* End XCBuildConfiguration section */

/* Begin XCConfigurationList section */
		049E53C8288E90AD00D170D7 /* Build configuration list for PBXProject "Fitletics" */ = {
			isa = XCConfigurationList;
			buildConfigurations = (
				049E53DF288E90B200D170D7 /* Debug */,
				049E53E0288E90B200D170D7 /* Release */,
			);
			defaultConfigurationIsVisible = 0;
			defaultConfigurationName = Release;
		};
		049E53E1288E90B200D170D7 /* Build configuration list for PBXNativeTarget "Fitletics" */ = {
			isa = XCConfigurationList;
			buildConfigurations = (
				049E53E2288E90B200D170D7 /* Debug */,
				049E53E3288E90B200D170D7 /* Release */,
			);
			defaultConfigurationIsVisible = 0;
			defaultConfigurationName = Release;
		};
/* End XCConfigurationList section */
	};
	rootObject = 049E53C5288E90AD00D170D7 /* Project object */;
}
